
Microsoft Visual Studio Solution File, Format Version 12.00
Project("{FAE04EC0-301F-11D3-BF4B-00C04F79EFBC}") = "MandelbrotSet", "MandelbrotSet\MandelbrotSet.csproj", "{B80E374E-9914-418F-A726-4ED05A8949AF}"
EndProject
Global
	GlobalSection(SolutionConfigurationPlatforms) = preSolution
		Debug|Any CPU = Debug|Any CPU
		Release|Any CPU = Release|Any CPU
	EndGlobalSection
	GlobalSection(ProjectConfigurationPlatforms) = postSolution
		{B80E374E-9914-418F-A726-4ED05A8949AF}.Debug|Any CPU.ActiveCfg = Debug|Any CPU
		{B80E374E-9914-418F-A726-4ED05A8949AF}.Debug|Any CPU.Build.0 = Debug|Any CPU
		{B80E374E-9914-418F-A726-4ED05A8949AF}.Release|Any CPU.ActiveCfg = Release|Any CPU
		{B80E374E-9914-418F-A726-4ED05A8949AF}.Release|Any CPU.Build.0 = Release|Any CPU
	EndGlobalSection
EndGlobal
